
Microsoft Visual Studio Solution File, Format Version 12.00
# Visual Studio Version 17
VisualStudioVersion = 17.1.32228.430
MinimumVisualStudioVersion = 10.0.40219.1
Project("{9A19103F-16F7-4668-BE54-9A1E7A4F7556}") = "LifeMoney.Domain", "LifeMoney.Domain\LifeMoney.Domain.csproj", "{F461ABD4-98B4-4D52-A820-01A9DA7CC5D2}"
EndProject
Project("{9A19103F-16F7-4668-BE54-9A1E7A4F7556}") = "LifeMoney.UnitTests", "LifeMoney.UnitTests\LifeMoney.UnitTests.csproj", "{46377826-3BA2-4995-80B0-001D98CF5CAB}"
EndProject
Project("{FAE04EC0-301F-11D3-BF4B-00C04F79EFBC}") = "LifeMoney.BlazorUI.Server", "LifeMoney.BlazorUI\Server\LifeMoney.BlazorUI.Server.csproj", "{254C5CDB-CBEF-458E-BCCF-57C33939DCE7}"
EndProject
Project("{FAE04EC0-301F-11D3-BF4B-00C04F79EFBC}") = "LifeMoney.BlazorUI.Client", "LifeMoney.BlazorUI\Client\LifeMoney.BlazorUI.Client.csproj", "{42118390-F5C5-4ABC-AE3B-3E9F673A5402}"
EndProject
Project("{FAE04EC0-301F-11D3-BF4B-00C04F79EFBC}") = "LifeMoney.BlazorUI.Shared", "LifeMoney.BlazorUI\Shared\LifeMoney.BlazorUI.Shared.csproj", "{5BC2E2A6-E843-4004-91AF-CEC4813EC1F0}"
EndProject
Global
	GlobalSection(SolutionConfigurationPlatforms) = preSolution
		Debug|Any CPU = Debug|Any CPU
		Release|Any CPU = Release|Any CPU
	EndGlobalSection
	GlobalSection(ProjectConfigurationPlatforms) = postSolution
		{F461ABD4-98B4-4D52-A820-01A9DA7CC5D2}.Debug|Any CPU.ActiveCfg = Debug|Any CPU
		{F461ABD4-98B4-4D52-A820-01A9DA7CC5D2}.Debug|Any CPU.Build.0 = Debug|Any CPU
		{F461ABD4-98B4-4D52-A820-01A9DA7CC5D2}.Release|Any CPU.ActiveCfg = Release|Any CPU
		{F461ABD4-98B4-4D52-A820-01A9DA7CC5D2}.Release|Any CPU.Build.0 = Release|Any CPU
		{46377826-3BA2-4995-80B0-001D98CF5CAB}.Debug|Any CPU.ActiveCfg = Debug|Any CPU
		{46377826-3BA2-4995-80B0-001D98CF5CAB}.Debug|Any CPU.Build.0 = Debug|Any CPU
		{46377826-3BA2-4995-80B0-001D98CF5CAB}.Release|Any CPU.ActiveCfg = Release|Any CPU
		{46377826-3BA2-4995-80B0-001D98CF5CAB}.Release|Any CPU.Build.0 = Release|Any CPU
		{254C5CDB-CBEF-458E-BCCF-57C33939DCE7}.Debug|Any CPU.ActiveCfg = Debug|Any CPU
		{254C5CDB-CBEF-458E-BCCF-57C33939DCE7}.Debug|Any CPU.Build.0 = Debug|Any CPU
		{254C5CDB-CBEF-458E-BCCF-57C33939DCE7}.Release|Any CPU.ActiveCfg = Release|Any CPU
		{254C5CDB-CBEF-458E-BCCF-57C33939DCE7}.Release|Any CPU.Build.0 = Release|Any CPU
		{42118390-F5C5-4ABC-AE3B-3E9F673A5402}.Debug|Any CPU.ActiveCfg = Debug|Any CPU
		{42118390-F5C5-4ABC-AE3B-3E9F673A5402}.Debug|Any CPU.Build.0 = Debug|Any CPU
		{42118390-F5C5-4ABC-AE3B-3E9F673A5402}.Release|Any CPU.ActiveCfg = Release|Any CPU
		{42118390-F5C5-4ABC-AE3B-3E9F673A5402}.Release|Any CPU.Build.0 = Release|Any CPU
		{5BC2E2A6-E843-4004-91AF-CEC4813EC1F0}.Debug|Any CPU.ActiveCfg = Debug|Any CPU
		{5BC2E2A6-E843-4004-91AF-CEC4813EC1F0}.Debug|Any CPU.Build.0 = Debug|Any CPU
		{5BC2E2A6-E843-4004-91AF-CEC4813EC1F0}.Release|Any CPU.ActiveCfg = Release|Any CPU
		{5BC2E2A6-E843-4004-91AF-CEC4813EC1F0}.Release|Any CPU.Build.0 = Release|Any CPU
	EndGlobalSection
	GlobalSection(SolutionProperties) = preSolution
		HideSolutionNode = FALSE
	EndGlobalSection
	GlobalSection(ExtensibilityGlobals) = postSolution
		SolutionGuid = {F9267B6B-2653-42B0-9FFD-EA44D00F05B4}
	EndGlobalSection
EndGlobal
